# THIS IS AN AUTOGENERATED FILE. DO NOT EDIT THIS FILE DIRECTLY.
# yarn lockfile v1


bs-fetch@^0.2.0:
  version "0.2.0"
  resolved "https://registry.yarnpkg.com/bs-fetch/-/bs-fetch-0.2.0.tgz#0537d70169c5746b16eeba8639df7442057db7cf"

bs-platform@^2.1.0:
  version "2.1.0"
  resolved "https://registry.yarnpkg.com/bs-platform/-/bs-platform-2.1.0.tgz#63560ff8f7142c9c0631559df1c35590b9f6d8b2"
